
Microsoft Visual Studio Solution File, Format Version 12.00
# Visual Studio Version 17
VisualStudioVersion = 17.9.34622.214
MinimumVisualStudioVersion = 10.0.40219.1
Project("{FAE04EC0-301F-11D3-BF4B-00C04F79EFBC}") = "ConsoleAppHuallpa", "ConsoleAppHuallpa\ConsoleAppHuallpa.csproj", "{957855F2-7932-432B-9B91-347EAF92C205}"
EndProject
Global
	GlobalSection(SolutionConfigurationPlatforms) = preSolution
		Debug|Any CPU = Debug|Any CPU
		Release|Any CPU = Release|Any CPU
	EndGlobalSection
	GlobalSection(ProjectConfigurationPlatforms) = postSolution
		{957855F2-7932-432B-9B91-347EAF92C205}.Debug|Any CPU.ActiveCfg = Debug|Any CPU
		{957855F2-7932-432B-9B91-347EAF92C205}.Debug|Any CPU.Build.0 = Debug|Any CPU
		{957855F2-7932-432B-9B91-347EAF92C205}.Release|Any CPU.ActiveCfg = Release|Any CPU
		{957855F2-7932-432B-9B91-347EAF92C205}.Release|Any CPU.Build.0 = Release|Any CPU
	EndGlobalSection
	GlobalSection(SolutionProperties) = preSolution
		HideSolutionNode = FALSE
	EndGlobalSection
	GlobalSection(ExtensibilityGlobals) = postSolution
		SolutionGuid = {E943D2CB-4264-4264-B962-D786213A6E5C}
	EndGlobalSection
EndGlobal
